{
  "name": "@definejs/style",
  "version": "0.1.0",
  "lockfileVersion": 1,
  "requires": true,
  "dependencies": {
    "@definejs/object": {
      "version": "0.1.5",
      "resolved": "https://registry.npmjs.org/@definejs/object/-/object-0.1.5.tgz",
      "integrity": "sha512-P6LCbSEgvy7dWxKzh5oU3+hGBqPLAmrcywDhbuYu3Uxjx+LyIDrUxBW4wWcjnyLueVvDhEHPNLDwQP+PP1Y8NQ=="
    }
  }
}
